
Microsoft Visual Studio Solution File, Format Version 12.00
Project("{FAE04EC0-301F-11D3-BF4B-00C04F79EFBC}") = "laba111", "laba111\laba111.csproj", "{EB05D3FE-04BA-4794-B994-7F3AC7244DDC}"
EndProject
Global
	GlobalSection(SolutionConfigurationPlatforms) = preSolution
		Debug|Any CPU = Debug|Any CPU
		Release|Any CPU = Release|Any CPU
	EndGlobalSection
	GlobalSection(ProjectConfigurationPlatforms) = postSolution
		{EB05D3FE-04BA-4794-B994-7F3AC7244DDC}.Debug|Any CPU.ActiveCfg = Debug|Any CPU
		{EB05D3FE-04BA-4794-B994-7F3AC7244DDC}.Debug|Any CPU.Build.0 = Debug|Any CPU
		{EB05D3FE-04BA-4794-B994-7F3AC7244DDC}.Release|Any CPU.ActiveCfg = Release|Any CPU
		{EB05D3FE-04BA-4794-B994-7F3AC7244DDC}.Release|Any CPU.Build.0 = Release|Any CPU
	EndGlobalSection
EndGlobal
